
Microsoft Visual Studio Solution File, Format Version 12.00
# Visual Studio 15
VisualStudioVersion = 15.0.28307.421
MinimumVisualStudioVersion = 10.0.40219.1
Project("{FAE04EC0-301F-11D3-BF4B-00C04F79EFBC}") = "PowerCo", "PowerCo\PowerCo.csproj", "{844FA219-C8E5-4176-B1D3-B4FDF90EDBDB}"
EndProject
Global
	GlobalSection(SolutionConfigurationPlatforms) = preSolution
		Debug|Any CPU = Debug|Any CPU
		Release|Any CPU = Release|Any CPU
	EndGlobalSection
	GlobalSection(ProjectConfigurationPlatforms) = postSolution
		{844FA219-C8E5-4176-B1D3-B4FDF90EDBDB}.Debug|Any CPU.ActiveCfg = Debug|Any CPU
		{844FA219-C8E5-4176-B1D3-B4FDF90EDBDB}.Debug|Any CPU.Build.0 = Debug|Any CPU
		{844FA219-C8E5-4176-B1D3-B4FDF90EDBDB}.Release|Any CPU.ActiveCfg = Release|Any CPU
		{844FA219-C8E5-4176-B1D3-B4FDF90EDBDB}.Release|Any CPU.Build.0 = Release|Any CPU
	EndGlobalSection
	GlobalSection(SolutionProperties) = preSolution
		HideSolutionNode = FALSE
	EndGlobalSection
	GlobalSection(ExtensibilityGlobals) = postSolution
		SolutionGuid = {848D96E8-3015-4191-8DDE-AA8562BF8DE1}
	EndGlobalSection
EndGlobal
